<?xml version="1.0" encoding="utf-8"?>
<Project ToolsVersion="4.0" xmlns="http://schemas.microsoft.com/developer/msbuild/2003">
  <ItemGroup>
    <Filter Include="源文件">
      <UniqueIdentifier>{4FC737F1-C7A5-4376-A066-2A32D752A2FF}</UniqueIdentifier>
      <Extensions>cpp;c;cc;cxx;c++;cppm;ixx;def;odl;idl;hpj;bat;asm;asmx</Extensions>
    </Filter>
    <Filter Include="头文件">
      <UniqueIdentifier>{93995380-89BD-4b04-88EB-625FBE52EBFB}</UniqueIdentifier>
      <Extensions>h;hh;hpp;hxx;h++;hm;inl;inc;ipp;xsd</Extensions>
    </Filter>
    <Filter Include="数据">
      <UniqueIdentifier>{58eb0bc9-72b1-4065-8735-b917ba60cdf5}</UniqueIdentifier>
    </Filter>
    <Filter Include="头文件\Data">
      <UniqueIdentifier>{6bfb1075-bd20-4547-bc26-daca6e593a60}</UniqueIdentifier>
    </Filter>
    <Filter Include="头文件\Server">
      <UniqueIdentifier>{82f20b9b-f4b1-4c68-a175-4238d71c1bf9}</UniqueIdentifier>
    </Filter>
    <Filter Include="头文件\Utils">
      <UniqueIdentifier>{f817146d-b325-4070-9f45-2fba6d93112e}</UniqueIdentifier>
    </Filter>
    <Filter Include="源文件\Data">
      <UniqueIdentifier>{fedfaef8-d8f7-45b3-98b5-b87784384ec5}</UniqueIdentifier>
    </Filter>
    <Filter Include="源文件\Utils">
      <UniqueIdentifier>{187baeb6-3f7d-4eb8-aae9-dd7726bd78d6}</UniqueIdentifier>
    </Filter>
    <Filter Include="源文件\Server">
      <UniqueIdentifier>{8785e308-b4d6-4a0e-be21-47250cc55738}</UniqueIdentifier>
    </Filter>
    <Filter Include="头文件\Structure">
      <UniqueIdentifier>{f06e0bf5-fc00-488a-83df-fb2d5db5866d}</UniqueIdentifier>
    </Filter>
    <Filter Include="源文件\Structure">
      <UniqueIdentifier>{8356da52-103d-46e2-8ea2-248f34b6d2a2}</UniqueIdentifier>
    </Filter>
  </ItemGroup>
  <ItemGroup>
    <ClCompile Include="Main.cpp">
      <Filter>源文件</Filter>
    </ClCompile>
    <ClCompile Include="Class.cpp">
      <Filter>源文件\Data</Filter>
    </ClCompile>
    <ClCompile Include="FeedbackData.cpp">
      <Filter>源文件\Data</Filter>
    </ClCompile>
    <ClCompile Include="ReceiveData.cpp">
      <Filter>源文件\Data</Filter>
    </ClCompile>
    <ClCompile Include="JsonUtils.cpp">
      <Filter>源文件\Utils</Filter>
    </ClCompile>
    <ClCompile Include="Server.cpp">
      <Filter>源文件\Server</Filter>
    </ClCompile>
    <ClCompile Include="TreeNode.cpp">
      <Filter>源文件\Structure</Filter>
    </ClCompile>
    <ClCompile Include="StringUtils.cpp">
      <Filter>源文件\Utils</Filter>
    </ClCompile>
    <ClCompile Include="Singleton.cpp">
      <Filter>源文件\Data</Filter>
    </ClCompile>
    <ClCompile Include="OtherUtils.cpp">
      <Filter>源文件\Utils</Filter>
    </ClCompile>
  </ItemGroup>
  <ItemGroup>
    <ClInclude Include="ReceiveData.h">
      <Filter>头文件\Data</Filter>
    </ClInclude>
    <ClInclude Include="FeedbackData.h">
      <Filter>头文件\Data</Filter>
    </ClInclude>
    <ClInclude Include="Class.h">
      <Filter>头文件\Data</Filter>
    </ClInclude>
    <ClInclude Include="Server.h">
      <Filter>头文件\Server</Filter>
    </ClInclude>
    <ClInclude Include="TreeNode.h">
      <Filter>头文件\Structure</Filter>
    </ClInclude>
    <ClInclude Include="JsonUtils.h">
      <Filter>头文件\Utils</Filter>
    </ClInclude>
    <ClInclude Include="StringUtils.h">
      <Filter>头文件\Utils</Filter>
    </ClInclude>
    <ClInclude Include="Singleton.h">
      <Filter>头文件\Data</Filter>
    </ClInclude>
    <ClInclude Include="OtherUtils.h">
      <Filter>头文件\Utils</Filter>
    </ClInclude>
  </ItemGroup>
  <ItemGroup>
    <None Include="pattern.json">
      <Filter>数据</Filter>
    </None>
    <None Include="layout.json">
      <Filter>数据</Filter>
    </None>
  </ItemGroup>
</Project>